
Microsoft Visual Studio Solution File, Format Version 12.00
# Visual Studio 2013
VisualStudioVersion = 12.0.30723.0
MinimumVisualStudioVersion = 10.0.40219.1
Project("{2150E333-8FDC-42A3-9474-1A3956D46DE8}") = "Data", "Data", "{AC3B8896-A9C6-4A6D-8320-E9E529D9E363}"
EndProject
Project("{2150E333-8FDC-42A3-9474-1A3956D46DE8}") = "Web", "Web", "{AE83E961-BC6D-49B9-9297-786CAC3BC3AA}"
EndProject
Project("{FAE04EC0-301F-11D3-BF4B-00C04F79EFBC}") = "ComicsShare.Data", "Data\ComicsShare.Data\ComicsShare.Data.csproj", "{D35FD533-4774-4F7B-A2C9-EBCB5BB56070}"
EndProject
Project("{FAE04EC0-301F-11D3-BF4B-00C04F79EFBC}") = "ComicsShare.Common", "ComicsShare.Common\ComicsShare.Common.csproj", "{7DF266A5-DB67-48F7-B8AC-46B48A73E849}"
EndProject
Project("{FAE04EC0-301F-11D3-BF4B-00C04F79EFBC}") = "ComicsShare.Web", "Web\ComicsShare.Web\ComicsShare.Web.csproj", "{AA5A68FE-DA10-4BA0-900F-1A6A7112DEDB}"
EndProject
Project("{FAE04EC0-301F-11D3-BF4B-00C04F79EFBC}") = "ComicsShare.Data.Models", "Data\ComicsShare.Data.Models\ComicsShare.Data.Models.csproj", "{175502D8-1AAF-402A-A899-695A9C0B48ED}"
EndProject
Project("{FAE04EC0-301F-11D3-BF4B-00C04F79EFBC}") = "ComicsShare.Data.Common", "Data\ComicsShare.Data.Common\ComicsShare.Data.Common.csproj", "{89E12B6B-5650-45B0-82E2-7D7466B04A05}"
EndProject
Global
	GlobalSection(SolutionConfigurationPlatforms) = preSolution
		Debug|Any CPU = Debug|Any CPU
		Release|Any CPU = Release|Any CPU
	EndGlobalSection
	GlobalSection(ProjectConfigurationPlatforms) = postSolution
		{D35FD533-4774-4F7B-A2C9-EBCB5BB56070}.Debug|Any CPU.ActiveCfg = Debug|Any CPU
		{D35FD533-4774-4F7B-A2C9-EBCB5BB56070}.Debug|Any CPU.Build.0 = Debug|Any CPU
		{D35FD533-4774-4F7B-A2C9-EBCB5BB56070}.Release|Any CPU.ActiveCfg = Release|Any CPU
		{D35FD533-4774-4F7B-A2C9-EBCB5BB56070}.Release|Any CPU.Build.0 = Release|Any CPU
		{7DF266A5-DB67-48F7-B8AC-46B48A73E849}.Debug|Any CPU.ActiveCfg = Debug|Any CPU
		{7DF266A5-DB67-48F7-B8AC-46B48A73E849}.Debug|Any CPU.Build.0 = Debug|Any CPU
		{7DF266A5-DB67-48F7-B8AC-46B48A73E849}.Release|Any CPU.ActiveCfg = Release|Any CPU
		{7DF266A5-DB67-48F7-B8AC-46B48A73E849}.Release|Any CPU.Build.0 = Release|Any CPU
		{AA5A68FE-DA10-4BA0-900F-1A6A7112DEDB}.Debug|Any CPU.ActiveCfg = Debug|Any CPU
		{AA5A68FE-DA10-4BA0-900F-1A6A7112DEDB}.Debug|Any CPU.Build.0 = Debug|Any CPU
		{AA5A68FE-DA10-4BA0-900F-1A6A7112DEDB}.Release|Any CPU.ActiveCfg = Release|Any CPU
		{AA5A68FE-DA10-4BA0-900F-1A6A7112DEDB}.Release|Any CPU.Build.0 = Release|Any CPU
		{175502D8-1AAF-402A-A899-695A9C0B48ED}.Debug|Any CPU.ActiveCfg = Debug|Any CPU
		{175502D8-1AAF-402A-A899-695A9C0B48ED}.Debug|Any CPU.Build.0 = Debug|Any CPU
		{175502D8-1AAF-402A-A899-695A9C0B48ED}.Release|Any CPU.ActiveCfg = Release|Any CPU
		{175502D8-1AAF-402A-A899-695A9C0B48ED}.Release|Any CPU.Build.0 = Release|Any CPU
		{89E12B6B-5650-45B0-82E2-7D7466B04A05}.Debug|Any CPU.ActiveCfg = Debug|Any CPU
		{89E12B6B-5650-45B0-82E2-7D7466B04A05}.Debug|Any CPU.Build.0 = Debug|Any CPU
		{89E12B6B-5650-45B0-82E2-7D7466B04A05}.Release|Any CPU.ActiveCfg = Release|Any CPU
		{89E12B6B-5650-45B0-82E2-7D7466B04A05}.Release|Any CPU.Build.0 = Release|Any CPU
	EndGlobalSection
	GlobalSection(SolutionProperties) = preSolution
		HideSolutionNode = FALSE
	EndGlobalSection
	GlobalSection(NestedProjects) = preSolution
		{D35FD533-4774-4F7B-A2C9-EBCB5BB56070} = {AC3B8896-A9C6-4A6D-8320-E9E529D9E363}
		{AA5A68FE-DA10-4BA0-900F-1A6A7112DEDB} = {AE83E961-BC6D-49B9-9297-786CAC3BC3AA}
		{175502D8-1AAF-402A-A899-695A9C0B48ED} = {AC3B8896-A9C6-4A6D-8320-E9E529D9E363}
		{89E12B6B-5650-45B0-82E2-7D7466B04A05} = {AC3B8896-A9C6-4A6D-8320-E9E529D9E363}
	EndGlobalSection
EndGlobal
